schema: '2.0'
stages:
  data_ingestion:
    cmd: python src/data/data_ingestion.py
    deps:
    - path: src/data/data_ingestion.py
      hash: md5
      md5: af734319f09bf8ead7c166a719bf52ab
      size: 2772
    params:
      params.yaml:
        data_ingestion.test_size: 0.2
    outs:
    - path: data/raw_data
      hash: md5
      md5: fb326d2eec197669f9638afde28356bf.dir
      size: 827973
      nfiles: 2
  data_preprocessing:
    cmd: python src/data/data_preprocessing.py
    deps:
    - path: data/raw_data
      hash: md5
      md5: fb326d2eec197669f9638afde28356bf.dir
      size: 827973
      nfiles: 2
    - path: src/data/data_preprocessing.py
      hash: md5
      md5: 484e1d55af84795d690a7d6c1f1de40a
      size: 4227
    outs:
    - path: data/processed_data
      hash: md5
      md5: 2348a3b1c2c0d3a5e67ad2b26b5c6242.dir
      size: 569918
      nfiles: 2
  feature_engineering:
    cmd: python src/feature/feature_engineering.py
    deps:
    - path: data/processed_data
      hash: md5
      md5: 2348a3b1c2c0d3a5e67ad2b26b5c6242.dir
      size: 569918
      nfiles: 2
    - path: src/feature/feature_engineering.py
      hash: md5
      md5: 14d846e52a1d2637338f40ad9a58f4e7
      size: 3121
    params:
      params.yaml:
        feature_engineering.max_features: 4000
    outs:
    - path: data/feature_data
      hash: md5
      md5: 72c3cdc535ab23e8fbc2d6d7c0f6f1b3.dir
      size: 83060916
      nfiles: 2
    - path: models/vectorizer.pkl
      hash: md5
      md5: c75ed8e0f373d451122329944b4bc125
      size: 111292
  model_building:
    cmd: python src/model/model_building.py
    deps:
    - path: data/feature_data
      hash: md5
      md5: 72c3cdc535ab23e8fbc2d6d7c0f6f1b3.dir
      size: 83060916
      nfiles: 2
    - path: src/model/model_building.py
      hash: md5
      md5: 567a9bb902dc25c992b91454d5c1989f
      size: 2143
    outs:
    - path: models/model.pkl
      hash: md5
      md5: d5e52228739e01004d2a68b82462538a
      size: 32657
  model_evaluation:
    cmd: python src/model/model_evaluation.py
    deps:
    - path: models/model.pkl
      hash: md5
      md5: d5e52228739e01004d2a68b82462538a
      size: 32657
    - path: src/model/model_evaluation.py
      hash: md5
      md5: ac28e584afea7faf1b55724cd0ea7131
      size: 6347
    outs:
    - path: reports/metrics.json
      hash: md5
      md5: 876e9341f8c385f8daa4c3050d46c1d2
      size: 143
    - path: reports/model_info.json
      hash: md5
      md5: c9ffd20d8a1ab196bbecdc9b37530ac8
      size: 137
  model_registration:
    cmd: python src/model/register_model.py
    deps:
    - path: reports/model_info.json
      hash: md5
      md5: c9ffd20d8a1ab196bbecdc9b37530ac8
      size: 137
    - path: src/model/register_model.py
      hash: md5
      md5: 3087d8bd86640fc28ed2cacfddcb63ef
      size: 6368
